// !$*UTF8*$!
{
	archiveVersion = 1;
	classes = {
	};
	objectVersion = 46;
	objects = {

/* Begin PBXBuildFile section */
		8937AF901A89F0C100DF6D41 /* main.m in Sources */ = {isa = PBXBuildFile; fileRef = 8937AF8F1A89F0C100DF6D41 /* main.m */; };
		8937AF931A89F0C200DF6D41 /* AppDelegate.m in Sources */ = {isa = PBXBuildFile; fileRef = 8937AF921A89F0C200DF6D41 /* AppDelegate.m */; };
		8937AF961A89F0C200DF6D41 /* ViewController.m in Sources */ = {isa = PBXBuildFile; fileRef = 8937AF951A89F0C200DF6D41 /* ViewController.m */; };
		8937AF991A89F0C200DF6D41 /* Main.storyboard in Resources */ = {isa = PBXBuildFile; fileRef = 8937AF971A89F0C200DF6D41 /* Main.storyboard */; };
		8937AF9B1A89F0C200DF6D41 /* Images.xcassets in Resources */ = {isa = PBXBuildFile; fileRef = 8937AF9A1A89F0C200DF6D41 /* Images.xcassets */; };
		8937AF9E1A89F0C200DF6D41 /* LaunchScreen.xib in Resources */ = {isa = PBXBuildFile; fileRef = 8937AF9C1A89F0C200DF6D41 /* LaunchScreen.xib */; };
		8937AFAA1A89F0C200DF6D41 /* test3Tests.m in Sources */ = {isa = PBXBuildFile; fileRef = 8937AFA91A89F0C200DF6D41 /* test3Tests.m */; };
/* End PBXBuildFile section */

/* Begin PBXContainerItemProxy section */
		8937AFA41A89F0C200DF6D41 /* PBXContainerItemProxy */ = {
			isa = PBXContainerItemProxy;
			containerPortal = 8937AF821A89F0C100DF6D41 /* Project object */;
			proxyType = 1;
			remoteGlobalIDString = 8937AF891A89F0C100DF6D41;
			remoteInfo = test3;
		};
/* End PBXContainerItemProxy section */

/* Begin PBXFileReference section */
		8937AF8A1A89F0C100DF6D41 /* test3.app */ = {isa = PBXFileReference; explicitFileType = wrapper.application; includeInIndex = 0; path = test3.app; sourceTree = BUILT_PRODUCTS_DIR; };
		8937AF8E1A89F0C100DF6D41 /* Info.plist */ = {isa = PBXFileReference; lastKnownFileType = text.plist.xml; path = Info.plist; sourceTree = "<group>"; };
		8937AF8F1A89F0C100DF6D41 /* main.m */ = {isa = PBXFileReference; lastKnownFileType = sourcecode.c.objc; path = main.m; sourceTree = "<group>"; };
		8937AF911A89F0C100DF6D41 /* AppDelegate.h */ = {isa = PBXFileReference; lastKnownFileType = sourcecode.c.h; path = AppDelegate.h; sourceTree = "<group>"; };
		8937AF921A89F0C200DF6D41 /* AppDelegate.m */ = {isa = PBXFileReference; lastKnownFileType = sourcecode.c.objc; path = AppDelegate.m; sourceTree = "<group>"; };
		8937AF941A89F0C200DF6D41 /* ViewController.h */ = {isa = PBXFileReference; lastKnownFileType = sourcecode.c.h; path = ViewController.h; sourceTree = "<group>"; };
		8937AF951A89F0C200DF6D41 /* ViewController.m */ = {isa = PBXFileReference; lastKnownFileType = sourcecode.c.objc; path = ViewController.m; sourceTree = "<group>"; };
		8937AF981A89F0C200DF6D41 /* Base */ = {isa = PBXFileReference; lastKnownFileType = file.storyboard; name = Base; path = Base.lproj/Main.storyboard; sourceTree = "<group>"; };
		8937AF9A1A89F0C200DF6D41 /* Images.xcassets */ = {isa = PBXFileReference; lastKnownFileType = folder.assetcatalog; path = Images.xcassets; sourceTree = "<group>"; };
		8937AF9D1A89F0C200DF6D41 /* Base */ = {isa = PBXFileReference; lastKnownFileType = file.xib; name = Base; path = Base.lproj/LaunchScreen.xib; sourceTree = "<group>"; };
		8937AFA31A89F0C200DF6D41 /* test3Tests.xctest */ = {isa = PBXFileReference; explicitFileType = wrapper.cfbundle; includeInIndex = 0; path = test3Tests.xctest; sourceTree = BUILT_PRODUCTS_DIR; };
		8937AFA81A89F0C200DF6D41 /* Info.plist */ = {isa = PBXFileReference; lastKnownFileType = text.plist.xml; path = Info.plist; sourceTree = "<group>"; };
		8937AFA91A89F0C200DF6D41 /* test3Tests.m */ = {isa = PBXFileReference; lastKnownFileType = sourcecode.c.objc; path = test3Tests.m; sourceTree = "<group>"; };
/* End PBXFileReference section */

/* Begin PBXFrameworksBuildPhase section */
		8937AF871A89F0C100DF6D41 /* Frameworks */ = {
			isa = PBXFrameworksBuildPhase;
			buildActionMask = 2147483647;
			files = (
			);
			runOnlyForDeploymentPostprocessing = 0;
		};
		8937AFA01A89F0C200DF6D41 /* Frameworks */ = {
			isa = PBXFrameworksBuildPhase;
			buildActionMask = 2147483647;
			files = (
			);
			runOnlyForDeploymentPostprocessing = 0;
		};
/* End PBXFrameworksBuildPhase section */

/* Begin PBXGroup section */
		8937AF811A89F0C100DF6D41 = {
			isa = PBXGroup;
			children = (
				8937AF8C1A89F0C100DF6D41 /* test3 */,
				8937AFA61A89F0C200DF6D41 /* test3Tests */,
				8937AF8B1A89F0C100DF6D41 /* Products */,
			);
			sourceTree = "<group>";
		};
		8937AF8B1A89F0C100DF6D41 /* Products */ = {
			isa = PBXGroup;
			children = (
				8937AF8A1A89F0C100DF6D41 /* test3.app */,
				8937AFA31A89F0C200DF6D41 /* test3Tests.xctest */,
			);
			name = Products;
			sourceTree = "<group>";
		};
		8937AF8C1A89F0C100DF6D41 /* test3 */ = {
			isa = PBXGroup;
			children = (
				8937AF911A89F0C100DF6D41 /* AppDelegate.h */,
				8937AF921A89F0C200DF6D41 /* AppDelegate.m */,
				8937AF941A89F0C200DF6D41 /* ViewController.h */,
				8937AF951A89F0C200DF6D41 /* ViewController.m */,
				8937AF971A89F0C200DF6D41 /* Main.storyboard */,
				8937AF9A1A89F0C200DF6D41 /* Images.xcassets */,
				8937AF9C1A89F0C200DF6D41 /* LaunchScreen.xib */,
				8937AF8D1A89F0C100DF6D41 /* Supporting Files */,
			);
			path = test3;
			sourceTree = "<group>";
		};
		8937AF8D1A89F0C100DF6D41 /* Supporting Files */ = {
			isa = PBXGroup;
			children = (
				8937AF8E1A89F0C100DF6D41 /* Info.plist */,
				8937AF8F1A89F0C100DF6D41 /* main.m */,
			);
			name = "Supporting Files";
			sourceTree = "<group>";
		};
		8937AFA61A89F0C200DF6D41 /* test3Tests */ = {
			isa = PBXGroup;
			children = (
				8937AFA91A89F0C200DF6D41 /* test3Tests.m */,
				8937AFA71A89F0C200DF6D41 /* Supporting Files */,
			);
			path = test3Tests;
			sourceTree = "<group>";
		};
		8937AFA71A89F0C200DF6D41 /* Supporting Files */ = {
			isa = PBXGroup;
			children = (
				8937AFA81A89F0C200DF6D41 /* Info.plist */,
			);
			name = "Supporting Files";
			sourceTree = "<group>";
		};
/* End PBXGroup section */

/* Begin PBXNativeTarget section */
		8937AF891A89F0C100DF6D41 /* test3 */ = {
			isa = PBXNativeTarget;
			buildConfigurationList = 8937AFAD1A89F0C200DF6D41 /* Build configuration list for PBXNativeTarget "test3" */;
			buildPhases = (
				8937AF861A89F0C100DF6D41 /* Sources */,
				8937AF871A89F0C100DF6D41 /* Frameworks */,
				8937AF881A89F0C100DF6D41 /* Resources */,
			);
			buildRules = (
			);
			dependencies = (
			);
			name = test3;
			productName = test3;
			productReference = 8937AF8A1A89F0C100DF6D41 /* test3.app */;
			productType = "com.apple.product-type.application";
		};
		8937AFA21A89F0C200DF6D41 /* test3Tests */ = {
			isa = PBXNativeTarget;
			buildConfigurationList = 8937AFB01A89F0C200DF6D41 /* Build configuration list for PBXNativeTarget "test3Tests" */;
			buildPhases = (
				8937AF9F1A89F0C200DF6D41 /* Sources */,
				8937AFA01A89F0C200DF6D41 /* Frameworks */,
				8937AFA11A89F0C200DF6D41 /* Resources */,
			);
			buildRules = (
			);
			dependencies = (
				8937AFA51A89F0C200DF6D41 /* PBXTargetDependency */,
			);
			name = test3Tests;
			productName = test3Tests;
			productReference = 8937AFA31A89F0C200DF6D41 /* test3Tests.xctest */;
			productType = "com.apple.product-type.bundle.unit-test";
		};
/* End PBXNativeTarget section */

/* Begin PBXProject section */
		8937AF821A89F0C100DF6D41 /* Project object */ = {
			isa = PBXProject;
			attributes = {
				LastUpgradeCheck = 0610;
				ORGANIZATIONNAME = shiny14days;
				TargetAttributes = {
					8937AF891A89F0C100DF6D41 = {
						CreatedOnToolsVersion = 6.1.1;
					};
					8937AFA21A89F0C200DF6D41 = {
						CreatedOnToolsVersion = 6.1.1;
						TestTargetID = 8937AF891A89F0C100DF6D41;
					};
				};
			};
			buildConfigurationList = 8937AF851A89F0C100DF6D41 /* Build configuration list for PBXProject "test3" */;
			compatibilityVersion = "Xcode 3.2";
			developmentRegion = English;
			hasScannedForEncodings = 0;
			knownRegions = (
				en,
				Base,
			);
			mainGroup = 8937AF811A89F0C100DF6D41;
			productRefGroup = 8937AF8B1A89F0C100DF6D41 /* Products */;
			projectDirPath = "";
			projectRoot = "";
			targets = (
				8937AF891A89F0C100DF6D41 /* test3 */,
				8937AFA21A89F0C200DF6D41 /* test3Tests */,
			);
		};
/* End PBXProject section */

/* Begin PBXResourcesBuildPhase section */
		8937AF881A89F0C100DF6D41 /* Resources */ = {
			isa = PBXResourcesBuildPhase;
			buildActionMask = 2147483647;
			files = (
				8937AF991A89F0C200DF6D41 /* Main.storyboard in Resources */,
				8937AF9E1A89F0C200DF6D41 /* LaunchScreen.xib in Resources */,
				8937AF9B1A89F0C200DF6D41 /* Images.xcassets in Resources */,
			);
			runOnlyForDeploymentPostprocessing = 0;
		};
		8937AFA11A89F0C200DF6D41 /* Resources */ = {
			isa = PBXResourcesBuildPhase;
			buildActionMask = 2147483647;
			files = (
			);
			runOnlyForDeploymentPostprocessing = 0;
		};
/* End PBXResourcesBuildPhase section */

/* Begin PBXSourcesBuildPhase section */
		8937AF861A89F0C100DF6D41 /* Sources */ = {
			isa = PBXSourcesBuildPhase;
			buildActionMask = 2147483647;
			files = (
				8937AF961A89F0C200DF6D41 /* ViewController.m in Sources */,
				8937AF931A89F0C200DF6D41 /* AppDelegate.m in Sources */,
				8937AF901A89F0C100DF6D41 /* main.m in Sources */,
			);
			runOnlyForDeploymentPostprocessing = 0;
		};
		8937AF9F1A89F0C200DF6D41 /* Sources */ = {
			isa = PBXSourcesBuildPhase;
			buildActionMask = 2147483647;
			files = (
				8937AFAA1A89F0C200DF6D41 /* test3Tests.m in Sources */,
			);
			runOnlyForDeploymentPostprocessing = 0;
		};
/* End PBXSourcesBuildPhase section */

/* Begin PBXTargetDependency section */
		8937AFA51A89F0C200DF6D41 /* PBXTargetDependency */ = {
			isa = PBXTargetDependency;
			target = 8937AF891A89F0C100DF6D41 /* test3 */;
			targetProxy = 8937AFA41A89F0C200DF6D41 /* PBXContainerItemProxy */;
		};
/* End PBXTargetDependency section */

/* Begin PBXVariantGroup section */
		8937AF971A89F0C200DF6D41 /* Main.storyboard */ = {
			isa = PBXVariantGroup;
			children = (
				8937AF981A89F0C200DF6D41 /* Base */,
			);
			name = Main.storyboard;
			sourceTree = "<group>";
		};
		8937AF9C1A89F0C200DF6D41 /* LaunchScreen.xib */ = {
			isa = PBXVariantGroup;
			children = (
				8937AF9D1A89F0C200DF6D41 /* Base */,
			);
			name = LaunchScreen.xib;
			sourceTree = "<group>";
		};
/* End PBXVariantGroup section */

/* Begin XCBuildConfiguration section */
		8937AFAB1A89F0C200DF6D41 /* Debug */ = {
			isa = XCBuildConfiguration;
			buildSettings = {
				ALWAYS_SEARCH_USER_PATHS = NO;
				CLANG_CXX_LANGUAGE_STANDARD = "gnu++0x";
				CLANG_CXX_LIBRARY = "libc++";
				CLANG_ENABLE_MODULES = YES;
				CLANG_ENABLE_OBJC_ARC = YES;
				CLANG_WARN_BOOL_CONVERSION = YES;
				CLANG_WARN_CONSTANT_CONVERSION = YES;
				CLANG_WARN_DIRECT_OBJC_ISA_USAGE = YES_ERROR;
				CLANG_WARN_EMPTY_BODY = YES;
				CLANG_WARN_ENUM_CONVERSION = YES;
				CLANG_WARN_INT_CONVERSION = YES;
				CLANG_WARN_OBJC_ROOT_CLASS = YES_ERROR;
				CLANG_WARN_UNREACHABLE_CODE = YES;
				CLANG_WARN__DUPLICATE_METHOD_MATCH = YES;
				"CODE_SIGN_IDENTITY[sdk=iphoneos*]" = "iPhone Developer";
				COPY_PHASE_STRIP = NO;
				ENABLE_STRICT_OBJC_MSGSEND = YES;
				GCC_C_LANGUAGE_STANDARD = gnu99;
				GCC_DYNAMIC_NO_PIC = NO;
				GCC_OPTIMIZATION_LEVEL = 0;
				GCC_PREPROCESSOR_DEFINITIONS = (
					"DEBUG=1",
					"$(inherited)",
				);
				GCC_SYMBOLS_PRIVATE_EXTERN = NO;
				GCC_WARN_64_TO_32_BIT_CONVERSION = YES;
				GCC_WARN_ABOUT_RETURN_TYPE = YES_ERROR;
				GCC_WARN_UNDECLARED_SELECTOR = YES;
				GCC_WARN_UNINITIALIZED_AUTOS = YES_AGGRESSIVE;
				GCC_WARN_UNUSED_FUNCTION = YES;
				GCC_WARN_UNUSED_VARIABLE = YES;
				IPHONEOS_DEPLOYMENT_TARGET = 8.1;
				MTL_ENABLE_DEBUG_INFO = YES;
				ONLY_ACTIVE_ARCH = YES;
				SDKROOT = iphoneos;
			};
			name = Debug;
		};
		8937AFAC1A89F0C200DF6D41 /* Release */ = {
			isa = XCBuildConfiguration;
			buildSettings = {
				ALWAYS_SEARCH_USER_PATHS = NO;
				CLANG_CXX_LANGUAGE_STANDARD = "gnu++0x";
				CLANG_CXX_LIBRARY = "libc++";
				CLANG_ENABLE_MODULES = YES;
				CLANG_ENABLE_OBJC_ARC = YES;
				CLANG_WARN_BOOL_CONVERSION = YES;
				CLANG_WARN_CONSTANT_CONVERSION = YES;
				CLANG_WARN_DIRECT_OBJC_ISA_USAGE = YES_ERROR;
				CLANG_WARN_EMPTY_BODY = YES;
				CLANG_WARN_ENUM_CONVERSION = YES;
				CLANG_WARN_INT_CONVERSION = YES;
				CLANG_WARN_OBJC_ROOT_CLASS = YES_ERROR;
				CLANG_WARN_UNREACHABLE_CODE = YES;
				CLANG_WARN__DUPLICATE_METHOD_MATCH = YES;
				"CODE_SIGN_IDENTITY[sdk=iphoneos*]" = "iPhone Developer";
				COPY_PHASE_STRIP = YES;
				ENABLE_NS_ASSERTIONS = NO;
				ENABLE_STRICT_OBJC_MSGSEND = YES;
				GCC_C_LANGUAGE_STANDARD = gnu99;
				GCC_WARN_64_TO_32_BIT_CONVERSION = YES;
				GCC_WARN_ABOUT_RETURN_TYPE = YES_ERROR;
				GCC_WARN_UNDECLARED_SELECTOR = YES;
				GCC_WARN_UNINITIALIZED_AUTOS = YES_AGGRESSIVE;
				GCC_WARN_UNUSED_FUNCTION = YES;
				GCC_WARN_UNUSED_VARIABLE = YES;
				IPHONEOS_DEPLOYMENT_TARGET = 8.1;
				MTL_ENABLE_DEBUG_INFO = NO;
				SDKROOT = iphoneos;
				VALIDATE_PRODUCT = YES;
			};
			name = Release;
		};
		8937AFAE1A89F0C200DF6D41 /* Debug */ = {
			isa = XCBuildConfiguration;
			buildSettings = {
				ASSETCATALOG_COMPILER_APPICON_NAME = AppIcon;
				INFOPLIST_FILE = test3/Info.plist;
				LD_RUNPATH_SEARCH_PATHS = "$(inherited) @executable_path/Frameworks";
				PRODUCT_NAME = "$(TARGET_NAME)";
			};
			name = Debug;
		};
		8937AFAF1A89F0C200DF6D41 /* Release */ = {
			isa = XCBuildConfiguration;
			buildSettings = {
				ASSETCATALOG_COMPILER_APPICON_NAME = AppIcon;
				INFOPLIST_FILE = test3/Info.plist;
				LD_RUNPATH_SEARCH_PATHS = "$(inherited) @executable_path/Frameworks";
				PRODUCT_NAME = "$(TARGET_NAME)";
			};
			name = Release;
		};
		8937AFB11A89F0C200DF6D41 /* Debug */ = {
			isa = XCBuildConfiguration;
			buildSettings = {
				BUNDLE_LOADER = "$(TEST_HOST)";
				FRAMEWORK_SEARCH_PATHS = (
					"$(SDKROOT)/Developer/Library/Frameworks",
					"$(inherited)",
				);
				GCC_PREPROCESSOR_DEFINITIONS = (
					"DEBUG=1",
					"$(inherited)",
				);
				INFOPLIST_FILE = test3Tests/Info.plist;
				LD_RUNPATH_SEARCH_PATHS = "$(inherited) @executable_path/Frameworks @loader_path/Frameworks";
				PRODUCT_NAME = "$(TARGET_NAME)";
				TEST_HOST = "$(BUILT_PRODUCTS_DIR)/test3.app/test3";
			};
			name = Debug;
		};
		8937AFB21A89F0C200DF6D41 /* Release */ = {
			isa = XCBuildConfiguration;
			buildSettings = {
				BUNDLE_LOADER = "$(TEST_HOST)";
				FRAMEWORK_SEARCH_PATHS = (
					"$(SDKROOT)/Developer/Library/Frameworks",
					"$(inherited)",
				);
				INFOPLIST_FILE = test3Tests/Info.plist;
				LD_RUNPATH_SEARCH_PATHS = "$(inherited) @executable_path/Frameworks @loader_path/Frameworks";
				PRODUCT_NAME = "$(TARGET_NAME)";
				TEST_HOST = "$(BUILT_PRODUCTS_DIR)/test3.app/test3";
			};
			name = Release;
		};
/* End XCBuildConfiguration section */

/* Begin XCConfigurationList section */
		8937AF851A89F0C100DF6D41 /* Build configuration list for PBXProject "test3" */ = {
			isa = XCConfigurationList;
			buildConfigurations = (
				8937AFAB1A89F0C200DF6D41 /* Debug */,
				8937AFAC1A89F0C200DF6D41 /* Release */,
			);
			defaultConfigurationIsVisible = 0;
			defaultConfigurationName = Release;
		};
		8937AFAD1A89F0C200DF6D41 /* Build configuration list for PBXNativeTarget "test3" */ = {
			isa = XCConfigurationList;
			buildConfigurations = (
				8937AFAE1A89F0C200DF6D41 /* Debug */,
				8937AFAF1A89F0C200DF6D41 /* Release */,
			);
			defaultConfigurationIsVisible = 0;
		};
		8937AFB01A89F0C200DF6D41 /* Build configuration list for PBXNativeTarget "test3Tests" */ = {
			isa = XCConfigurationList;
			buildConfigurations = (
				8937AFB11A89F0C200DF6D41 /* Debug */,
				8937AFB21A89F0C200DF6D41 /* Release */,
			);
			defaultConfigurationIsVisible = 0;
		};
/* End XCConfigurationList section */
	};
	rootObject = 8937AF821A89F0C100DF6D41 /* Project object */;
}
